
Microsoft Visual Studio Solution File, Format Version 12.00
# Visual Studio 15
VisualStudioVersion = 15.0.27130.0
MinimumVisualStudioVersion = 10.0.40219.1
Project("{9A19103F-16F7-4668-BE54-9A1E7A4F7556}") = "Easy.Logger", "Easy.Logger\Easy.Logger.csproj", "{F1CFACD6-414E-4921-90FD-0949764E1756}"
EndProject
Project("{FAE04EC0-301F-11D3-BF4B-00C04F79EFBC}") = "Easy.Logger.Benchmarker", "Easy.Logger.Benchmarker\Easy.Logger.Benchmarker.csproj", "{2B08D00F-F8E8-418E-9533-A50E92E9448F}"
EndProject
Project("{9A19103F-16F7-4668-BE54-9A1E7A4F7556}") = "Easy.Logger.Benchmarker.Core", "Easy.Logger.Benchmarker.Core\Easy.Logger.Benchmarker.Core.csproj", "{428CEA5C-6692-4D4C-8C68-CE1E7826B69F}"
EndProject
Project("{FAE04EC0-301F-11D3-BF4B-00C04F79EFBC}") = "Easy.Logger.Tests.Unit", "Easy.Logger.Tests.Unit\Easy.Logger.Tests.Unit.csproj", "{3F18ECA6-B525-469C-BCE6-A75E2ED9F5D5}"
EndProject
Project("{9A19103F-16F7-4668-BE54-9A1E7A4F7556}") = "Easy.Logger.Interfaces", "Easy.Logger.Interfaces\Easy.Logger.Interfaces.csproj", "{80248AFD-52ED-47A0-B077-97AE8DC067CF}"
EndProject
Project("{2150E333-8FDC-42A3-9474-1A3956D46DE8}") = "Tests", "Tests", "{BF77A4B4-7A20-4D72-8E5D-4CA911B5773C}"
EndProject
Project("{9A19103F-16F7-4668-BE54-9A1E7A4F7556}") = "Easy.Logger.Extensions", "Easy.Logger.Extensions\Easy.Logger.Extensions.csproj", "{84135FC0-FE53-47AC-AB47-FC5B0CDB2ECD}"
EndProject
Project("{FAE04EC0-301F-11D3-BF4B-00C04F79EFBC}") = "Easy.Logger.Tests.Integration", "Easy.Logger.Tests.Integration\Easy.Logger.Tests.Integration.csproj", "{F9A7EB15-6EA6-4512-A6F9-A9A23C78B10F}"
EndProject
Project("{2150E333-8FDC-42A3-9474-1A3956D46DE8}") = "Benchmarkers", "Benchmarkers", "{14D6F543-A644-4A00-A740-9DE5EDE5CA30}"
EndProject
Project("{2150E333-8FDC-42A3-9474-1A3956D46DE8}") = "Solution Items", "Solution Items", "{CAC5E6B4-BDDA-4373-A2F4-EAE0B825182C}"
	ProjectSection(SolutionItems) = preProject
		README.md = README.md
	EndProjectSection
EndProject
Global
	GlobalSection(SolutionConfigurationPlatforms) = preSolution
		Debug|Any CPU = Debug|Any CPU
		Release|Any CPU = Release|Any CPU
	EndGlobalSection
	GlobalSection(ProjectConfigurationPlatforms) = postSolution
		{F1CFACD6-414E-4921-90FD-0949764E1756}.Debug|Any CPU.ActiveCfg = Debug|Any CPU
		{F1CFACD6-414E-4921-90FD-0949764E1756}.Debug|Any CPU.Build.0 = Debug|Any CPU
		{F1CFACD6-414E-4921-90FD-0949764E1756}.Release|Any CPU.ActiveCfg = Release|Any CPU
		{F1CFACD6-414E-4921-90FD-0949764E1756}.Release|Any CPU.Build.0 = Release|Any CPU
		{2B08D00F-F8E8-418E-9533-A50E92E9448F}.Debug|Any CPU.ActiveCfg = Debug|Any CPU
		{2B08D00F-F8E8-418E-9533-A50E92E9448F}.Debug|Any CPU.Build.0 = Debug|Any CPU
		{2B08D00F-F8E8-418E-9533-A50E92E9448F}.Release|Any CPU.ActiveCfg = Release|Any CPU
		{2B08D00F-F8E8-418E-9533-A50E92E9448F}.Release|Any CPU.Build.0 = Release|Any CPU
		{428CEA5C-6692-4D4C-8C68-CE1E7826B69F}.Debug|Any CPU.ActiveCfg = Debug|Any CPU
		{428CEA5C-6692-4D4C-8C68-CE1E7826B69F}.Debug|Any CPU.Build.0 = Debug|Any CPU
		{428CEA5C-6692-4D4C-8C68-CE1E7826B69F}.Release|Any CPU.ActiveCfg = Release|Any CPU
		{428CEA5C-6692-4D4C-8C68-CE1E7826B69F}.Release|Any CPU.Build.0 = Release|Any CPU
		{3F18ECA6-B525-469C-BCE6-A75E2ED9F5D5}.Debug|Any CPU.ActiveCfg = Debug|Any CPU
		{3F18ECA6-B525-469C-BCE6-A75E2ED9F5D5}.Debug|Any CPU.Build.0 = Debug|Any CPU
		{3F18ECA6-B525-469C-BCE6-A75E2ED9F5D5}.Release|Any CPU.ActiveCfg = Release|Any CPU
		{3F18ECA6-B525-469C-BCE6-A75E2ED9F5D5}.Release|Any CPU.Build.0 = Release|Any CPU
		{80248AFD-52ED-47A0-B077-97AE8DC067CF}.Debug|Any CPU.ActiveCfg = Debug|Any CPU
		{80248AFD-52ED-47A0-B077-97AE8DC067CF}.Debug|Any CPU.Build.0 = Debug|Any CPU
		{80248AFD-52ED-47A0-B077-97AE8DC067CF}.Release|Any CPU.ActiveCfg = Release|Any CPU
		{80248AFD-52ED-47A0-B077-97AE8DC067CF}.Release|Any CPU.Build.0 = Release|Any CPU
		{84135FC0-FE53-47AC-AB47-FC5B0CDB2ECD}.Debug|Any CPU.ActiveCfg = Debug|Any CPU
		{84135FC0-FE53-47AC-AB47-FC5B0CDB2ECD}.Debug|Any CPU.Build.0 = Debug|Any CPU
		{84135FC0-FE53-47AC-AB47-FC5B0CDB2ECD}.Release|Any CPU.ActiveCfg = Release|Any CPU
		{84135FC0-FE53-47AC-AB47-FC5B0CDB2ECD}.Release|Any CPU.Build.0 = Release|Any CPU
		{F9A7EB15-6EA6-4512-A6F9-A9A23C78B10F}.Debug|Any CPU.ActiveCfg = Debug|Any CPU
		{F9A7EB15-6EA6-4512-A6F9-A9A23C78B10F}.Debug|Any CPU.Build.0 = Debug|Any CPU
		{F9A7EB15-6EA6-4512-A6F9-A9A23C78B10F}.Release|Any CPU.ActiveCfg = Release|Any CPU
		{F9A7EB15-6EA6-4512-A6F9-A9A23C78B10F}.Release|Any CPU.Build.0 = Release|Any CPU
	EndGlobalSection
	GlobalSection(SolutionProperties) = preSolution
		HideSolutionNode = FALSE
	EndGlobalSection
	GlobalSection(NestedProjects) = preSolution
		{2B08D00F-F8E8-418E-9533-A50E92E9448F} = {14D6F543-A644-4A00-A740-9DE5EDE5CA30}
		{428CEA5C-6692-4D4C-8C68-CE1E7826B69F} = {14D6F543-A644-4A00-A740-9DE5EDE5CA30}
		{3F18ECA6-B525-469C-BCE6-A75E2ED9F5D5} = {BF77A4B4-7A20-4D72-8E5D-4CA911B5773C}
		{F9A7EB15-6EA6-4512-A6F9-A9A23C78B10F} = {BF77A4B4-7A20-4D72-8E5D-4CA911B5773C}
	EndGlobalSection
	GlobalSection(ExtensibilityGlobals) = postSolution
		SolutionGuid = {6C763796-27F3-432F-8218-C713731C45E3}
	EndGlobalSection
EndGlobal
