
Microsoft Visual Studio Solution File, Format Version 12.00
# Visual Studio 14
VisualStudioVersion = 14.0.24720.0
MinimumVisualStudioVersion = 10.0.40219.1
Project("{FAE04EC0-301F-11D3-BF4B-00C04F79EFBC}") = "EasyLogger", "EasyLogger\EasyLogger.csproj", "{4FF0E08A-3D8D-4474-985A-735ECD13DD92}"
EndProject
Project("{FAE04EC0-301F-11D3-BF4B-00C04F79EFBC}") = "EasyLogger.Benchmarker", "EasyLogger.Benchmarker\EasyLogger.Benchmarker.csproj", "{E3320558-EE91-4C8F-AB4D-11390CD34617}"
EndProject
Project("{2150E333-8FDC-42A3-9474-1A3956D46DE8}") = "Tests", "Tests", "{CEA54F9A-AFFF-4D07-8C5B-4E95458F97AD}"
EndProject
Project("{FAE04EC0-301F-11D3-BF4B-00C04F79EFBC}") = "EasyLogger.Tests.Unit", "EasyLogger.Tests.Unit\EasyLogger.Tests.Unit.csproj", "{E1E35A02-408A-4BCB-97B8-C9467438BF8D}"
EndProject
Global
	GlobalSection(SolutionConfigurationPlatforms) = preSolution
		Debug|Any CPU = Debug|Any CPU
		Release|Any CPU = Release|Any CPU
	EndGlobalSection
	GlobalSection(ProjectConfigurationPlatforms) = postSolution
		{4FF0E08A-3D8D-4474-985A-735ECD13DD92}.Debug|Any CPU.ActiveCfg = Debug|Any CPU
		{4FF0E08A-3D8D-4474-985A-735ECD13DD92}.Debug|Any CPU.Build.0 = Debug|Any CPU
		{4FF0E08A-3D8D-4474-985A-735ECD13DD92}.Release|Any CPU.ActiveCfg = Release|Any CPU
		{4FF0E08A-3D8D-4474-985A-735ECD13DD92}.Release|Any CPU.Build.0 = Release|Any CPU
		{E3320558-EE91-4C8F-AB4D-11390CD34617}.Debug|Any CPU.ActiveCfg = Debug|Any CPU
		{E3320558-EE91-4C8F-AB4D-11390CD34617}.Debug|Any CPU.Build.0 = Debug|Any CPU
		{E3320558-EE91-4C8F-AB4D-11390CD34617}.Release|Any CPU.ActiveCfg = Release|Any CPU
		{E3320558-EE91-4C8F-AB4D-11390CD34617}.Release|Any CPU.Build.0 = Release|Any CPU
		{E1E35A02-408A-4BCB-97B8-C9467438BF8D}.Debug|Any CPU.ActiveCfg = Debug|Any CPU
		{E1E35A02-408A-4BCB-97B8-C9467438BF8D}.Debug|Any CPU.Build.0 = Debug|Any CPU
		{E1E35A02-408A-4BCB-97B8-C9467438BF8D}.Release|Any CPU.ActiveCfg = Release|Any CPU
		{E1E35A02-408A-4BCB-97B8-C9467438BF8D}.Release|Any CPU.Build.0 = Release|Any CPU
	EndGlobalSection
	GlobalSection(SolutionProperties) = preSolution
		HideSolutionNode = FALSE
	EndGlobalSection
	GlobalSection(NestedProjects) = preSolution
		{E1E35A02-408A-4BCB-97B8-C9467438BF8D} = {CEA54F9A-AFFF-4D07-8C5B-4E95458F97AD}
	EndGlobalSection
EndGlobal
